
Microsoft Visual Studio Solution File, Format Version 12.00
# Visual Studio Version 17
VisualStudioVersion = 17.1.32319.34
MinimumVisualStudioVersion = 10.0.40219.1
Project("{FAE04EC0-301F-11D3-BF4B-00C04F79EFBC}") = "prueba1", "prueba1\prueba1.csproj", "{F5B0E753-E742-4767-BDE1-7545B59F927B}"
EndProject
Global
	GlobalSection(SolutionConfigurationPlatforms) = preSolution
		Debug|Any CPU = Debug|Any CPU
		Release|Any CPU = Release|Any CPU
	EndGlobalSection
	GlobalSection(ProjectConfigurationPlatforms) = postSolution
		{F5B0E753-E742-4767-BDE1-7545B59F927B}.Debug|Any CPU.ActiveCfg = Debug|Any CPU
		{F5B0E753-E742-4767-BDE1-7545B59F927B}.Debug|Any CPU.Build.0 = Debug|Any CPU
		{F5B0E753-E742-4767-BDE1-7545B59F927B}.Release|Any CPU.ActiveCfg = Release|Any CPU
		{F5B0E753-E742-4767-BDE1-7545B59F927B}.Release|Any CPU.Build.0 = Release|Any CPU
	EndGlobalSection
	GlobalSection(SolutionProperties) = preSolution
		HideSolutionNode = FALSE
	EndGlobalSection
	GlobalSection(ExtensibilityGlobals) = postSolution
		SolutionGuid = {8E4EE22B-1FF6-4C52-BFFA-997E92423D06}
	EndGlobalSection
EndGlobal
